
Microsoft Visual Studio Solution File, Format Version 12.00
# Visual Studio 15
VisualStudioVersion = 15.0.27428.2015
MinimumVisualStudioVersion = 10.0.40219.1
Project("{FAE04EC0-301F-11D3-BF4B-00C04F79EFBC}") = "AdapterPattern", "AdapterPattern\AdapterPattern.csproj", "{91E0244F-E3EC-4015-9305-833B39D5B196}"
EndProject
Global
	GlobalSection(SolutionConfigurationPlatforms) = preSolution
		Debug|Any CPU = Debug|Any CPU
		Release|Any CPU = Release|Any CPU
	EndGlobalSection
	GlobalSection(ProjectConfigurationPlatforms) = postSolution
		{91E0244F-E3EC-4015-9305-833B39D5B196}.Debug|Any CPU.ActiveCfg = Debug|Any CPU
		{91E0244F-E3EC-4015-9305-833B39D5B196}.Debug|Any CPU.Build.0 = Debug|Any CPU
		{91E0244F-E3EC-4015-9305-833B39D5B196}.Release|Any CPU.ActiveCfg = Release|Any CPU
		{91E0244F-E3EC-4015-9305-833B39D5B196}.Release|Any CPU.Build.0 = Release|Any CPU
	EndGlobalSection
	GlobalSection(SolutionProperties) = preSolution
		HideSolutionNode = FALSE
	EndGlobalSection
	GlobalSection(ExtensibilityGlobals) = postSolution
		SolutionGuid = {68C008AA-A8EF-4D10-BDE3-070048397666}
	EndGlobalSection
EndGlobal
